
Microsoft Visual Studio Solution File, Format Version 12.00
# Visual Studio Version 17
VisualStudioVersion = 17.0.31903.59
MinimumVisualStudioVersion = 10.0.40219.1
Project("{2150E333-8FDC-42A3-9474-1A3956D46DE8}") = "etcd", "etcd", "{CFBB5BFD-843F-43B1-8D53-C908FAC01B10}"
EndProject
Project("{FAE04EC0-301F-11D3-BF4B-00C04F79EFBC}") = "Playground.Etcd", "etcd\dotnet\playground\Playground.Etcd.csproj", "{39AA757C-A404-42A4-9C61-89E73CE17382}"
EndProject
Project("{2150E333-8FDC-42A3-9474-1A3956D46DE8}") = "mongo", "mongo", "{4B58A499-7443-4ED1-A8FF-C2BB60B5F0C6}"
EndProject
Project("{FAE04EC0-301F-11D3-BF4B-00C04F79EFBC}") = "Playground.Mongo", "mongo\dotnet\playground\Playground.Mongo.csproj", "{557119F3-1C66-4DCF-8A7C-3A9BD4C06BE3}"
EndProject
Project("{FAE04EC0-301F-11D3-BF4B-00C04F79EFBC}") = "Persic.Mongo", "mongo\dotnet\lib\Persic.Mongo.csproj", "{B7B735F9-3317-47CD-801C-967F8177335C}"
EndProject
Project("{2150E333-8FDC-42A3-9474-1A3956D46DE8}") = "ef", "ef", "{4096AE8D-7CE4-446F-B302-1371F64801EA}"
EndProject
Project("{FAE04EC0-301F-11D3-BF4B-00C04F79EFBC}") = "Persic.EF", "ef\lib\Persic.EF.csproj", "{64D56B39-43E1-41B2-A61C-7B5430E8165E}"
EndProject
Project("{FAE04EC0-301F-11D3-BF4B-00C04F79EFBC}") = "Persic.EF.Playground", "ef\playground\Persic.EF.Playground.csproj", "{40FB982E-B202-4CDD-860B-8E3511C8D390}"
EndProject
Project("{2150E333-8FDC-42A3-9474-1A3956D46DE8}") = "postgres", "postgres", "{7FDB2815-89B4-4E18-8EB9-000745432C7B}"
EndProject
Project("{FAE04EC0-301F-11D3-BF4B-00C04F79EFBC}") = "Persic.EF.Postgres", "ef\postgres\lib\Persic.EF.Postgres.csproj", "{67E417AC-C95B-44D6-8BE3-C5EB1B09D607}"
EndProject
Project("{FAE04EC0-301F-11D3-BF4B-00C04F79EFBC}") = "Persic.EF.Postgres.Playground", "ef\postgres\playground\Persic.EF.Postgres.Playground.csproj", "{F22B65D0-A4E6-43B0-8A19-8FF425A5002D}"
EndProject
Global
	GlobalSection(SolutionConfigurationPlatforms) = preSolution
		Debug|Any CPU = Debug|Any CPU
		Release|Any CPU = Release|Any CPU
	EndGlobalSection
	GlobalSection(SolutionProperties) = preSolution
		HideSolutionNode = FALSE
	EndGlobalSection
	GlobalSection(ProjectConfigurationPlatforms) = postSolution
		{39AA757C-A404-42A4-9C61-89E73CE17382}.Debug|Any CPU.ActiveCfg = Debug|Any CPU
		{39AA757C-A404-42A4-9C61-89E73CE17382}.Debug|Any CPU.Build.0 = Debug|Any CPU
		{39AA757C-A404-42A4-9C61-89E73CE17382}.Release|Any CPU.ActiveCfg = Release|Any CPU
		{39AA757C-A404-42A4-9C61-89E73CE17382}.Release|Any CPU.Build.0 = Release|Any CPU
		{557119F3-1C66-4DCF-8A7C-3A9BD4C06BE3}.Debug|Any CPU.ActiveCfg = Debug|Any CPU
		{557119F3-1C66-4DCF-8A7C-3A9BD4C06BE3}.Debug|Any CPU.Build.0 = Debug|Any CPU
		{557119F3-1C66-4DCF-8A7C-3A9BD4C06BE3}.Release|Any CPU.ActiveCfg = Release|Any CPU
		{557119F3-1C66-4DCF-8A7C-3A9BD4C06BE3}.Release|Any CPU.Build.0 = Release|Any CPU
		{B7B735F9-3317-47CD-801C-967F8177335C}.Debug|Any CPU.ActiveCfg = Debug|Any CPU
		{B7B735F9-3317-47CD-801C-967F8177335C}.Debug|Any CPU.Build.0 = Debug|Any CPU
		{B7B735F9-3317-47CD-801C-967F8177335C}.Release|Any CPU.ActiveCfg = Release|Any CPU
		{B7B735F9-3317-47CD-801C-967F8177335C}.Release|Any CPU.Build.0 = Release|Any CPU
		{64D56B39-43E1-41B2-A61C-7B5430E8165E}.Debug|Any CPU.ActiveCfg = Debug|Any CPU
		{64D56B39-43E1-41B2-A61C-7B5430E8165E}.Debug|Any CPU.Build.0 = Debug|Any CPU
		{64D56B39-43E1-41B2-A61C-7B5430E8165E}.Release|Any CPU.ActiveCfg = Release|Any CPU
		{64D56B39-43E1-41B2-A61C-7B5430E8165E}.Release|Any CPU.Build.0 = Release|Any CPU
		{40FB982E-B202-4CDD-860B-8E3511C8D390}.Debug|Any CPU.ActiveCfg = Debug|Any CPU
		{40FB982E-B202-4CDD-860B-8E3511C8D390}.Debug|Any CPU.Build.0 = Debug|Any CPU
		{40FB982E-B202-4CDD-860B-8E3511C8D390}.Release|Any CPU.ActiveCfg = Release|Any CPU
		{40FB982E-B202-4CDD-860B-8E3511C8D390}.Release|Any CPU.Build.0 = Release|Any CPU
		{67E417AC-C95B-44D6-8BE3-C5EB1B09D607}.Debug|Any CPU.ActiveCfg = Debug|Any CPU
		{67E417AC-C95B-44D6-8BE3-C5EB1B09D607}.Debug|Any CPU.Build.0 = Debug|Any CPU
		{67E417AC-C95B-44D6-8BE3-C5EB1B09D607}.Release|Any CPU.ActiveCfg = Release|Any CPU
		{67E417AC-C95B-44D6-8BE3-C5EB1B09D607}.Release|Any CPU.Build.0 = Release|Any CPU
		{F22B65D0-A4E6-43B0-8A19-8FF425A5002D}.Debug|Any CPU.ActiveCfg = Debug|Any CPU
		{F22B65D0-A4E6-43B0-8A19-8FF425A5002D}.Debug|Any CPU.Build.0 = Debug|Any CPU
		{F22B65D0-A4E6-43B0-8A19-8FF425A5002D}.Release|Any CPU.ActiveCfg = Release|Any CPU
		{F22B65D0-A4E6-43B0-8A19-8FF425A5002D}.Release|Any CPU.Build.0 = Release|Any CPU
	EndGlobalSection
	GlobalSection(NestedProjects) = preSolution
		{39AA757C-A404-42A4-9C61-89E73CE17382} = {CFBB5BFD-843F-43B1-8D53-C908FAC01B10}
		{557119F3-1C66-4DCF-8A7C-3A9BD4C06BE3} = {4B58A499-7443-4ED1-A8FF-C2BB60B5F0C6}
		{B7B735F9-3317-47CD-801C-967F8177335C} = {4B58A499-7443-4ED1-A8FF-C2BB60B5F0C6}
		{64D56B39-43E1-41B2-A61C-7B5430E8165E} = {4096AE8D-7CE4-446F-B302-1371F64801EA}
		{40FB982E-B202-4CDD-860B-8E3511C8D390} = {4096AE8D-7CE4-446F-B302-1371F64801EA}
		{7FDB2815-89B4-4E18-8EB9-000745432C7B} = {4096AE8D-7CE4-446F-B302-1371F64801EA}
		{67E417AC-C95B-44D6-8BE3-C5EB1B09D607} = {7FDB2815-89B4-4E18-8EB9-000745432C7B}
		{F22B65D0-A4E6-43B0-8A19-8FF425A5002D} = {7FDB2815-89B4-4E18-8EB9-000745432C7B}
	EndGlobalSection
EndGlobal
