
Microsoft Visual Studio Solution File, Format Version 12.00
# Visual Studio Version 17
VisualStudioVersion = 17.0.31903.59
MinimumVisualStudioVersion = 10.0.40219.1
Project("{2150E333-8FDC-42A3-9474-1A3956D46DE8}") = "etcd", "etcd", "{CFBB5BFD-843F-43B1-8D53-C908FAC01B10}"
EndProject
Project("{FAE04EC0-301F-11D3-BF4B-00C04F79EFBC}") = "Playground.Etcd", "etcd\dotnet\playground\Playground.Etcd.csproj", "{39AA757C-A404-42A4-9C61-89E73CE17382}"
EndProject
Project("{2150E333-8FDC-42A3-9474-1A3956D46DE8}") = "mongo", "mongo", "{4B58A499-7443-4ED1-A8FF-C2BB60B5F0C6}"
EndProject
Project("{FAE04EC0-301F-11D3-BF4B-00C04F79EFBC}") = "Playground.Mongo", "mongo\dotnet\playground\Playground.Mongo.csproj", "{557119F3-1C66-4DCF-8A7C-3A9BD4C06BE3}"
EndProject
Project("{FAE04EC0-301F-11D3-BF4B-00C04F79EFBC}") = "Persic.Mongo", "mongo\dotnet\lib\Persic.Mongo.csproj", "{B7B735F9-3317-47CD-801C-967F8177335C}"
EndProject
Project("{2150E333-8FDC-42A3-9474-1A3956D46DE8}") = "ef", "ef", "{4096AE8D-7CE4-446F-B302-1371F64801EA}"
EndProject
Project("{FAE04EC0-301F-11D3-BF4B-00C04F79EFBC}") = "Persic.EF", "ef\lib\Persic.EF.csproj", "{64D56B39-43E1-41B2-A61C-7B5430E8165E}"
EndProject
Project("{2150E333-8FDC-42A3-9474-1A3956D46DE8}") = "postgres", "postgres", "{7FDB2815-89B4-4E18-8EB9-000745432C7B}"
EndProject
Project("{FAE04EC0-301F-11D3-BF4B-00C04F79EFBC}") = "Persic.EF.Postgres", "ef\postgres\lib\Persic.EF.Postgres.csproj", "{67E417AC-C95B-44D6-8BE3-C5EB1B09D607}"
EndProject
Project("{2150E333-8FDC-42A3-9474-1A3956D46DE8}") = "playground", "playground", "{EC142149-BDFD-490B-8A03-D7B695D08BF2}"
EndProject
Project("{FAE04EC0-301F-11D3-BF4B-00C04F79EFBC}") = "Persic.EF.Playground", "ef\playground\mstests\Persic.EF.Playground.csproj", "{ACF3592E-74DA-4B8E-A324-99D907057605}"
EndProject
Project("{2150E333-8FDC-42A3-9474-1A3956D46DE8}") = "playground", "playground", "{F3130FF4-71F0-4C3F-A17A-A3FDD7ABB5F3}"
EndProject
Project("{FAE04EC0-301F-11D3-BF4B-00C04F79EFBC}") = "Persic.EF.Postgres.Playground.Web", "ef\postgres\playground\web\Persic.EF.Postgres.Playground.Web.csproj", "{EDE269A3-D94B-426D-9702-C35EF2F24795}"
EndProject
Project("{FAE04EC0-301F-11D3-BF4B-00C04F79EFBC}") = "Persic.EF.Postgres.Playground", "ef\postgres\playground\mstest\Persic.EF.Postgres.Playground.csproj", "{D90EBF4E-F140-4271-8919-3C090B4D4481}"
EndProject
Project("{2150E333-8FDC-42A3-9474-1A3956D46DE8}") = "search", "search", "{E36D43CD-FE28-46EF-AF76-A6C6CE232138}"
EndProject
Project("{FAE04EC0-301F-11D3-BF4B-00C04F79EFBC}") = "Persic.EF.Postgres.Playground", "ef\postgres\search\playground\Persic.EF.Postgres.Playground.csproj", "{4D69DE31-DC42-4D4D-B591-BD2AA196B1CF}"
EndProject
Project("{FAE04EC0-301F-11D3-BF4B-00C04F79EFBC}") = "Persic.EF.Postgres.Search", "ef\postgres\search\lib\Persic.EF.Postgres.Search.csproj", "{CEFCC03D-ADF7-45C6-811B-1F2755CC8E09}"
EndProject
Global
	GlobalSection(SolutionConfigurationPlatforms) = preSolution
		Debug|Any CPU = Debug|Any CPU
		Release|Any CPU = Release|Any CPU
	EndGlobalSection
	GlobalSection(ProjectConfigurationPlatforms) = postSolution
		{39AA757C-A404-42A4-9C61-89E73CE17382}.Debug|Any CPU.ActiveCfg = Debug|Any CPU
		{39AA757C-A404-42A4-9C61-89E73CE17382}.Debug|Any CPU.Build.0 = Debug|Any CPU
		{39AA757C-A404-42A4-9C61-89E73CE17382}.Release|Any CPU.ActiveCfg = Release|Any CPU
		{39AA757C-A404-42A4-9C61-89E73CE17382}.Release|Any CPU.Build.0 = Release|Any CPU
		{557119F3-1C66-4DCF-8A7C-3A9BD4C06BE3}.Debug|Any CPU.ActiveCfg = Debug|Any CPU
		{557119F3-1C66-4DCF-8A7C-3A9BD4C06BE3}.Debug|Any CPU.Build.0 = Debug|Any CPU
		{557119F3-1C66-4DCF-8A7C-3A9BD4C06BE3}.Release|Any CPU.ActiveCfg = Release|Any CPU
		{557119F3-1C66-4DCF-8A7C-3A9BD4C06BE3}.Release|Any CPU.Build.0 = Release|Any CPU
		{B7B735F9-3317-47CD-801C-967F8177335C}.Debug|Any CPU.ActiveCfg = Debug|Any CPU
		{B7B735F9-3317-47CD-801C-967F8177335C}.Debug|Any CPU.Build.0 = Debug|Any CPU
		{B7B735F9-3317-47CD-801C-967F8177335C}.Release|Any CPU.ActiveCfg = Release|Any CPU
		{B7B735F9-3317-47CD-801C-967F8177335C}.Release|Any CPU.Build.0 = Release|Any CPU
		{64D56B39-43E1-41B2-A61C-7B5430E8165E}.Debug|Any CPU.ActiveCfg = Debug|Any CPU
		{64D56B39-43E1-41B2-A61C-7B5430E8165E}.Debug|Any CPU.Build.0 = Debug|Any CPU
		{64D56B39-43E1-41B2-A61C-7B5430E8165E}.Release|Any CPU.ActiveCfg = Release|Any CPU
		{64D56B39-43E1-41B2-A61C-7B5430E8165E}.Release|Any CPU.Build.0 = Release|Any CPU
		{67E417AC-C95B-44D6-8BE3-C5EB1B09D607}.Debug|Any CPU.ActiveCfg = Debug|Any CPU
		{67E417AC-C95B-44D6-8BE3-C5EB1B09D607}.Debug|Any CPU.Build.0 = Debug|Any CPU
		{67E417AC-C95B-44D6-8BE3-C5EB1B09D607}.Release|Any CPU.ActiveCfg = Release|Any CPU
		{67E417AC-C95B-44D6-8BE3-C5EB1B09D607}.Release|Any CPU.Build.0 = Release|Any CPU
		{ACF3592E-74DA-4B8E-A324-99D907057605}.Debug|Any CPU.ActiveCfg = Debug|Any CPU
		{ACF3592E-74DA-4B8E-A324-99D907057605}.Debug|Any CPU.Build.0 = Debug|Any CPU
		{ACF3592E-74DA-4B8E-A324-99D907057605}.Release|Any CPU.ActiveCfg = Release|Any CPU
		{ACF3592E-74DA-4B8E-A324-99D907057605}.Release|Any CPU.Build.0 = Release|Any CPU
		{EDE269A3-D94B-426D-9702-C35EF2F24795}.Debug|Any CPU.ActiveCfg = Debug|Any CPU
		{EDE269A3-D94B-426D-9702-C35EF2F24795}.Debug|Any CPU.Build.0 = Debug|Any CPU
		{EDE269A3-D94B-426D-9702-C35EF2F24795}.Release|Any CPU.ActiveCfg = Release|Any CPU
		{EDE269A3-D94B-426D-9702-C35EF2F24795}.Release|Any CPU.Build.0 = Release|Any CPU
		{D90EBF4E-F140-4271-8919-3C090B4D4481}.Debug|Any CPU.ActiveCfg = Debug|Any CPU
		{D90EBF4E-F140-4271-8919-3C090B4D4481}.Debug|Any CPU.Build.0 = Debug|Any CPU
		{D90EBF4E-F140-4271-8919-3C090B4D4481}.Release|Any CPU.ActiveCfg = Release|Any CPU
		{D90EBF4E-F140-4271-8919-3C090B4D4481}.Release|Any CPU.Build.0 = Release|Any CPU
		{4D69DE31-DC42-4D4D-B591-BD2AA196B1CF}.Debug|Any CPU.ActiveCfg = Debug|Any CPU
		{4D69DE31-DC42-4D4D-B591-BD2AA196B1CF}.Debug|Any CPU.Build.0 = Debug|Any CPU
		{4D69DE31-DC42-4D4D-B591-BD2AA196B1CF}.Release|Any CPU.ActiveCfg = Release|Any CPU
		{4D69DE31-DC42-4D4D-B591-BD2AA196B1CF}.Release|Any CPU.Build.0 = Release|Any CPU
		{CEFCC03D-ADF7-45C6-811B-1F2755CC8E09}.Debug|Any CPU.ActiveCfg = Debug|Any CPU
		{CEFCC03D-ADF7-45C6-811B-1F2755CC8E09}.Debug|Any CPU.Build.0 = Debug|Any CPU
		{CEFCC03D-ADF7-45C6-811B-1F2755CC8E09}.Release|Any CPU.ActiveCfg = Release|Any CPU
		{CEFCC03D-ADF7-45C6-811B-1F2755CC8E09}.Release|Any CPU.Build.0 = Release|Any CPU
	EndGlobalSection
	GlobalSection(SolutionProperties) = preSolution
		HideSolutionNode = FALSE
	EndGlobalSection
	GlobalSection(NestedProjects) = preSolution
		{39AA757C-A404-42A4-9C61-89E73CE17382} = {CFBB5BFD-843F-43B1-8D53-C908FAC01B10}
		{557119F3-1C66-4DCF-8A7C-3A9BD4C06BE3} = {4B58A499-7443-4ED1-A8FF-C2BB60B5F0C6}
		{B7B735F9-3317-47CD-801C-967F8177335C} = {4B58A499-7443-4ED1-A8FF-C2BB60B5F0C6}
		{64D56B39-43E1-41B2-A61C-7B5430E8165E} = {4096AE8D-7CE4-446F-B302-1371F64801EA}
		{7FDB2815-89B4-4E18-8EB9-000745432C7B} = {4096AE8D-7CE4-446F-B302-1371F64801EA}
		{67E417AC-C95B-44D6-8BE3-C5EB1B09D607} = {7FDB2815-89B4-4E18-8EB9-000745432C7B}
		{EC142149-BDFD-490B-8A03-D7B695D08BF2} = {4096AE8D-7CE4-446F-B302-1371F64801EA}
		{ACF3592E-74DA-4B8E-A324-99D907057605} = {EC142149-BDFD-490B-8A03-D7B695D08BF2}
		{F3130FF4-71F0-4C3F-A17A-A3FDD7ABB5F3} = {7FDB2815-89B4-4E18-8EB9-000745432C7B}
		{EDE269A3-D94B-426D-9702-C35EF2F24795} = {F3130FF4-71F0-4C3F-A17A-A3FDD7ABB5F3}
		{D90EBF4E-F140-4271-8919-3C090B4D4481} = {F3130FF4-71F0-4C3F-A17A-A3FDD7ABB5F3}
		{E36D43CD-FE28-46EF-AF76-A6C6CE232138} = {7FDB2815-89B4-4E18-8EB9-000745432C7B}
		{4D69DE31-DC42-4D4D-B591-BD2AA196B1CF} = {E36D43CD-FE28-46EF-AF76-A6C6CE232138}
		{CEFCC03D-ADF7-45C6-811B-1F2755CC8E09} = {E36D43CD-FE28-46EF-AF76-A6C6CE232138}
	EndGlobalSection
EndGlobal
